
Microsoft Visual Studio Solution File, Format Version 12.00
# Visual Studio Version 17
VisualStudioVersion = 17.13.35818.85 d17.13
MinimumVisualStudioVersion = 10.0.40219.1
Project("{FAE04EC0-301F-11D3-BF4B-00C04F79EFBC}") = "tpmod7_kelompok", "tpmod7_kelompok.csproj", "{4E2F30CD-B4F5-4452-9866-AF61029540C0}"
EndProject
Global
	GlobalSection(SolutionConfigurationPlatforms) = preSolution
		Debug|Any CPU = Debug|Any CPU
		Release|Any CPU = Release|Any CPU
	EndGlobalSection
	GlobalSection(ProjectConfigurationPlatforms) = postSolution
		{4E2F30CD-B4F5-4452-9866-AF61029540C0}.Debug|Any CPU.ActiveCfg = Debug|Any CPU
		{4E2F30CD-B4F5-4452-9866-AF61029540C0}.Debug|Any CPU.Build.0 = Debug|Any CPU
		{4E2F30CD-B4F5-4452-9866-AF61029540C0}.Release|Any CPU.ActiveCfg = Release|Any CPU
		{4E2F30CD-B4F5-4452-9866-AF61029540C0}.Release|Any CPU.Build.0 = Release|Any CPU
	EndGlobalSection
	GlobalSection(SolutionProperties) = preSolution
		HideSolutionNode = FALSE
	EndGlobalSection
	GlobalSection(ExtensibilityGlobals) = postSolution
		SolutionGuid = {4D878459-88EA-4B8B-AA34-C3696C2EBA1C}
	EndGlobalSection
EndGlobal
